
Microsoft Visual Studio Solution File, Format Version 12.00
# Visual Studio 15
VisualStudioVersion = 15.0.28307.852
MinimumVisualStudioVersion = 10.0.40219.1
Project("{9A19103F-16F7-4668-BE54-9A1E7A4F7556}") = "coding_practice", "coding_practice\coding_practice.csproj", "{7FBC0C9B-5B00-4440-9F73-5A89CCD55251}"
EndProject
Global
	GlobalSection(SolutionConfigurationPlatforms) = preSolution
		Debug|Any CPU = Debug|Any CPU
		Release|Any CPU = Release|Any CPU
	EndGlobalSection
	GlobalSection(ProjectConfigurationPlatforms) = postSolution
		{7FBC0C9B-5B00-4440-9F73-5A89CCD55251}.Debug|Any CPU.ActiveCfg = Debug|Any CPU
		{7FBC0C9B-5B00-4440-9F73-5A89CCD55251}.Debug|Any CPU.Build.0 = Debug|Any CPU
		{7FBC0C9B-5B00-4440-9F73-5A89CCD55251}.Release|Any CPU.ActiveCfg = Release|Any CPU
		{7FBC0C9B-5B00-4440-9F73-5A89CCD55251}.Release|Any CPU.Build.0 = Release|Any CPU
	EndGlobalSection
	GlobalSection(SolutionProperties) = preSolution
		HideSolutionNode = FALSE
	EndGlobalSection
	GlobalSection(ExtensibilityGlobals) = postSolution
		SolutionGuid = {E8F91DAA-28CD-47B3-85DD-2B9673BD4525}
	EndGlobalSection
EndGlobal
